
Microsoft Visual Studio Solution File, Format Version 12.00
# Visual Studio Version 16
VisualStudioVersion = 16.0.31613.86
MinimumVisualStudioVersion = 10.0.40219.1
Project("{9A19103F-16F7-4668-BE54-9A1E7A4F7556}") = "BakeryApi", "BakeryApi.csproj", "{219837BA-DD12-4CDD-A985-D4FB8543BDA1}"
EndProject
Project("{FAE04EC0-301F-11D3-BF4B-00C04F79EFBC}") = "BakeryAPI.Test", "..\BakeryAPI.Test\BakeryAPI.Test.csproj", "{9A5A1D34-0FB4-4FB9-AA42-9A51B14C0B5F}"
	ProjectSection(ProjectDependencies) = postProject
		{219837BA-DD12-4CDD-A985-D4FB8543BDA1} = {219837BA-DD12-4CDD-A985-D4FB8543BDA1}
	EndProjectSection
EndProject
Global
	GlobalSection(SolutionConfigurationPlatforms) = preSolution
		Debug|Any CPU = Debug|Any CPU
		Release|Any CPU = Release|Any CPU
	EndGlobalSection
	GlobalSection(ProjectConfigurationPlatforms) = postSolution
		{219837BA-DD12-4CDD-A985-D4FB8543BDA1}.Debug|Any CPU.ActiveCfg = Debug|Any CPU
		{219837BA-DD12-4CDD-A985-D4FB8543BDA1}.Debug|Any CPU.Build.0 = Debug|Any CPU
		{219837BA-DD12-4CDD-A985-D4FB8543BDA1}.Release|Any CPU.ActiveCfg = Release|Any CPU
		{219837BA-DD12-4CDD-A985-D4FB8543BDA1}.Release|Any CPU.Build.0 = Release|Any CPU
		{9A5A1D34-0FB4-4FB9-AA42-9A51B14C0B5F}.Debug|Any CPU.ActiveCfg = Debug|Any CPU
		{9A5A1D34-0FB4-4FB9-AA42-9A51B14C0B5F}.Debug|Any CPU.Build.0 = Debug|Any CPU
		{9A5A1D34-0FB4-4FB9-AA42-9A51B14C0B5F}.Release|Any CPU.ActiveCfg = Release|Any CPU
		{9A5A1D34-0FB4-4FB9-AA42-9A51B14C0B5F}.Release|Any CPU.Build.0 = Release|Any CPU
	EndGlobalSection
	GlobalSection(SolutionProperties) = preSolution
		HideSolutionNode = FALSE
	EndGlobalSection
	GlobalSection(ExtensibilityGlobals) = postSolution
		SolutionGuid = {541FFCC5-6698-46F1-A353-52E043FC05A2}
	EndGlobalSection
EndGlobal
